# THIS IS AN AUTOGENERATED FILE. DO NOT EDIT THIS FILE DIRECTLY.
# yarn lockfile v1


"@babel/runtime@^7.18.0", "@babel/runtime@^7.18.3", "@babel/runtime@^7.21.0":
  version "7.23.1"
  resolved "http://r.npm.sankuai.com/@babel/runtime/download/@babel/runtime-7.23.1.tgz#72741dc4d413338a91dcb044a86f3c0bc402646d"
  integrity sha1-cnQdxNQTM4qR3LBEqG88C8QCZG0=
  dependencies:
    regenerator-runtime "^0.14.0"

"@esbuild/android-arm64@0.18.20":
  version "0.18.20"
  resolved "http://r.npm.sankuai.com/@esbuild/android-arm64/download/@esbuild/android-arm64-0.18.20.tgz#984b4f9c8d0377443cc2dfcef266d02244593622"
  integrity sha1-mEtPnI0Dd0Q8wt/O8mbQIkRZNiI=

"@esbuild/android-arm@0.18.20":
  version "0.18.20"
  resolved "http://r.npm.sankuai.com/@esbuild/android-arm/download/@esbuild/android-arm-0.18.20.tgz#fedb265bc3a589c84cc11f810804f234947c3682"
  integrity sha1-/tsmW8OlichMwR+BCATyNJR8NoI=

"@esbuild/android-x64@0.18.20":
  version "0.18.20"
  resolved "http://r.npm.sankuai.com/@esbuild/android-x64/download/@esbuild/android-x64-0.18.20.tgz#35cf419c4cfc8babe8893d296cd990e9e9f756f2"
  integrity sha1-Nc9BnEz8i6voiT0pbNmQ6en3VvI=

"@esbuild/darwin-arm64@0.18.20":
  version "0.18.20"
  resolved "http://r.npm.sankuai.com/@esbuild/darwin-arm64/download/@esbuild/darwin-arm64-0.18.20.tgz#08172cbeccf95fbc383399a7f39cfbddaeb0d7c1"
  integrity sha1-CBcsvsz5X7w4M5mn85z73a6w18E=

"@esbuild/darwin-x64@0.18.20":
  version "0.18.20"
  resolved "http://r.npm.sankuai.com/@esbuild/darwin-x64/download/@esbuild/darwin-x64-0.18.20.tgz#d70d5790d8bf475556b67d0f8b7c5bdff053d85d"
  integrity sha1-1w1XkNi/R1VWtn0Pi3xb3/BT2F0=

"@esbuild/freebsd-arm64@0.18.20":
  version "0.18.20"
  resolved "http://r.npm.sankuai.com/@esbuild/freebsd-arm64/download/@esbuild/freebsd-arm64-0.18.20.tgz#98755cd12707f93f210e2494d6a4b51b96977f54"
  integrity sha1-mHVc0ScH+T8hDiSU1qS1G5aXf1Q=

"@esbuild/freebsd-x64@0.18.20":
  version "0.18.20"
  resolved "http://r.npm.sankuai.com/@esbuild/freebsd-x64/download/@esbuild/freebsd-x64-0.18.20.tgz#c1eb2bff03915f87c29cece4c1a7fa1f423b066e"
  integrity sha1-wesr/wORX4fCnOzkwaf6H0I7Bm4=

"@esbuild/linux-arm64@0.18.20":
  version "0.18.20"
  resolved "http://r.npm.sankuai.com/@esbuild/linux-arm64/download/@esbuild/linux-arm64-0.18.20.tgz#bad4238bd8f4fc25b5a021280c770ab5fc3a02a0"
  integrity sha1-utQji9j0/CW1oCEoDHcKtfw6AqA=

"@esbuild/linux-arm@0.18.20":
  version "0.18.20"
  resolved "http://r.npm.sankuai.com/@esbuild/linux-arm/download/@esbuild/linux-arm-0.18.20.tgz#3e617c61f33508a27150ee417543c8ab5acc73b0"
  integrity sha1-PmF8YfM1CKJxUO5BdUPIq1rMc7A=

"@esbuild/linux-ia32@0.18.20":
  version "0.18.20"
  resolved "http://r.npm.sankuai.com/@esbuild/linux-ia32/download/@esbuild/linux-ia32-0.18.20.tgz#699391cccba9aee6019b7f9892eb99219f1570a7"
  integrity sha1-aZORzMupruYBm3+YkuuZIZ8VcKc=

"@esbuild/linux-loong64@0.18.20":
  version "0.18.20"
  resolved "http://r.npm.sankuai.com/@esbuild/linux-loong64/download/@esbuild/linux-loong64-0.18.20.tgz#e6fccb7aac178dd2ffb9860465ac89d7f23b977d"
  integrity sha1-5vzLeqwXjdL/uYYEZayJ1/I7l30=

"@esbuild/linux-mips64el@0.18.20":
  version "0.18.20"
  resolved "http://r.npm.sankuai.com/@esbuild/linux-mips64el/download/@esbuild/linux-mips64el-0.18.20.tgz#eeff3a937de9c2310de30622a957ad1bd9183231"
  integrity sha1-7v86k33pwjEN4wYiqVetG9kYMjE=

"@esbuild/linux-ppc64@0.18.20":
  version "0.18.20"
  resolved "http://r.npm.sankuai.com/@esbuild/linux-ppc64/download/@esbuild/linux-ppc64-0.18.20.tgz#2f7156bde20b01527993e6881435ad79ba9599fb"
  integrity sha1-L3FWveILAVJ5k+aIFDWtebqVmfs=

"@esbuild/linux-riscv64@0.18.20":
  version "0.18.20"
  resolved "http://r.npm.sankuai.com/@esbuild/linux-riscv64/download/@esbuild/linux-riscv64-0.18.20.tgz#6628389f210123d8b4743045af8caa7d4ddfc7a6"
  integrity sha1-Zig4nyEBI9i0dDBFr4yqfU3fx6Y=

"@esbuild/linux-s390x@0.18.20":
  version "0.18.20"
  resolved "http://r.npm.sankuai.com/@esbuild/linux-s390x/download/@esbuild/linux-s390x-0.18.20.tgz#255e81fb289b101026131858ab99fba63dcf0071"
  integrity sha1-JV6B+yibEBAmExhYq5n7pj3PAHE=

"@esbuild/linux-x64@0.18.20":
  version "0.18.20"
  resolved "http://r.npm.sankuai.com/@esbuild/linux-x64/download/@esbuild/linux-x64-0.18.20.tgz#c7690b3417af318a9b6f96df3031a8865176d338"
  integrity sha1-x2kLNBevMYqbb5bfMDGohlF20zg=

"@esbuild/netbsd-x64@0.18.20":
  version "0.18.20"
  resolved "http://r.npm.sankuai.com/@esbuild/netbsd-x64/download/@esbuild/netbsd-x64-0.18.20.tgz#30e8cd8a3dded63975e2df2438ca109601ebe0d1"
  integrity sha1-MOjNij3e1jl14t8kOMoQlgHr4NE=

"@esbuild/openbsd-x64@0.18.20":
  version "0.18.20"
  resolved "http://r.npm.sankuai.com/@esbuild/openbsd-x64/download/@esbuild/openbsd-x64-0.18.20.tgz#7812af31b205055874c8082ea9cf9ab0da6217ae"
  integrity sha1-eBKvMbIFBVh0yAguqc+asNpiF64=

"@esbuild/sunos-x64@0.18.20":
  version "0.18.20"
  resolved "http://r.npm.sankuai.com/@esbuild/sunos-x64/download/@esbuild/sunos-x64-0.18.20.tgz#d5c275c3b4e73c9b0ecd38d1ca62c020f887ab9d"
  integrity sha1-1cJ1w7TnPJsOzTjRymLAIPiHq50=

"@esbuild/win32-arm64@0.18.20":
  version "0.18.20"
  resolved "http://r.npm.sankuai.com/@esbuild/win32-arm64/download/@esbuild/win32-arm64-0.18.20.tgz#73bc7f5a9f8a77805f357fab97f290d0e4820ac9"
  integrity sha1-c7x/Wp+Kd4BfNX+rl/KQ0OSCCsk=

"@esbuild/win32-ia32@0.18.20":
  version "0.18.20"
  resolved "http://r.npm.sankuai.com/@esbuild/win32-ia32/download/@esbuild/win32-ia32-0.18.20.tgz#ec93cbf0ef1085cc12e71e0d661d20569ff42102"
  integrity sha1-7JPL8O8QhcwS5x4NZh0gVp/0IQI=

"@esbuild/win32-x64@0.18.20":
  version "0.18.20"
  resolved "http://r.npm.sankuai.com/@esbuild/win32-x64/download/@esbuild/win32-x64-0.18.20.tgz#786c5f41f043b07afb1af37683d7c33668858f6d"
  integrity sha1-eGxfQfBDsHr7GvN2g9fDNmiFj20=

"@floating-ui/core@^1.4.2":
  version "1.5.0"
  resolved "http://r.npm.sankuai.com/@floating-ui/core/download/@floating-ui/core-1.5.0.tgz#5c05c60d5ae2d05101c3021c1a2a350ddc027f8c"
  integrity sha1-XAXGDVri0FEBwwIcGio1DdwCf4w=
  dependencies:
    "@floating-ui/utils" "^0.1.3"

"@floating-ui/dom@^1.4.2":
  version "1.5.3"
  resolved "http://r.npm.sankuai.com/@floating-ui/dom/download/@floating-ui/dom-1.5.3.tgz#54e50efcb432c06c23cd33de2b575102005436fa"
  integrity sha1-VOUO/LQywGwjzTPeK1dRAgBUNvo=
  dependencies:
    "@floating-ui/core" "^1.4.2"
    "@floating-ui/utils" "^0.1.3"

"@floating-ui/utils@^0.1.3":
  version "0.1.4"
  resolved "http://r.npm.sankuai.com/@floating-ui/utils/download/@floating-ui/utils-0.1.4.tgz#19654d1026cc410975d46445180e70a5089b3e7d"
  integrity sha1-GWVNECbMQQl11GRFGA5wpQibPn0=

"@rc-component/mini-decimal@^1.1.0":
  version "1.1.0"
  resolved "http://r.npm.sankuai.com/@rc-component/mini-decimal/download/@rc-component/mini-decimal-1.1.0.tgz#7b7a362b14a0a54cb5bc6fd2b82731f29f11d9b0"
  integrity sha1-e3o2KxSgpUy1vG/SuCcx8p8R2bA=
  dependencies:
    "@babel/runtime" "^7.18.0"

"@react-spring/animated@~9.6.1":
  version "9.6.1"
  resolved "http://r.npm.sankuai.com/@react-spring/animated/download/@react-spring/animated-9.6.1.tgz#ccc626d847cbe346f5f8815d0928183c647eb425"
  integrity sha1-zMYm2EfL40b1+IFdCSgYPGR+tCU=
  dependencies:
    "@react-spring/shared" "~9.6.1"
    "@react-spring/types" "~9.6.1"

"@react-spring/core@~9.6.1":
  version "9.6.1"
  resolved "http://r.npm.sankuai.com/@react-spring/core/download/@react-spring/core-9.6.1.tgz#ebe07c20682b360b06af116ea24e2b609e778c10"
  integrity sha1-6+B8IGgrNgsGrxFuok4rYJ53jBA=
  dependencies:
    "@react-spring/animated" "~9.6.1"
    "@react-spring/rafz" "~9.6.1"
    "@react-spring/shared" "~9.6.1"
    "@react-spring/types" "~9.6.1"

"@react-spring/rafz@~9.6.1":
  version "9.6.1"
  resolved "http://r.npm.sankuai.com/@react-spring/rafz/download/@react-spring/rafz-9.6.1.tgz#d71aafb92b78b24e4ff84639f52745afc285c38d"
  integrity sha1-1xqvuSt4sk5P+EY59SdFr8KFw40=

"@react-spring/shared@~9.6.1":
  version "9.6.1"
  resolved "http://r.npm.sankuai.com/@react-spring/shared/download/@react-spring/shared-9.6.1.tgz#4e2e4296910656c02bd9fd54c559702bc836ac4e"
  integrity sha1-Ti5ClpEGVsAr2f1UxVlwK8g2rE4=
  dependencies:
    "@react-spring/rafz" "~9.6.1"
    "@react-spring/types" "~9.6.1"

"@react-spring/types@~9.6.1":
  version "9.6.1"
  resolved "http://r.npm.sankuai.com/@react-spring/types/download/@react-spring/types-9.6.1.tgz#913d3a68c5cbc1124fdb18eff919432f7b6abdde"
  integrity sha1-kT06aMXLwRJP2xjv+RlDL3tqvd4=

"@react-spring/web@~9.6.1":
  version "9.6.1"
  resolved "http://r.npm.sankuai.com/@react-spring/web/download/@react-spring/web-9.6.1.tgz#3e4c03b724d2b545dc2fa2649eb6109318ab9178"
  integrity sha1-PkwDtyTStUXcL6JknrYQkxirkXg=
  dependencies:
    "@react-spring/animated" "~9.6.1"
    "@react-spring/core" "~9.6.1"
    "@react-spring/shared" "~9.6.1"
    "@react-spring/types" "~9.6.1"

"@types/js-cookie@^2.x.x":
  version "2.2.7"
  resolved "http://r.npm.sankuai.com/@types/js-cookie/download/@types/js-cookie-2.2.7.tgz#226a9e31680835a6188e887f3988e60c04d3f6a3"
  integrity sha1-ImqeMWgINaYYjoh/OYjmDATT9qM=

"@use-gesture/core@10.2.20":
  version "10.2.20"
  resolved "http://r.npm.sankuai.com/@use-gesture/core/download/@use-gesture/core-10.2.20.tgz#b29e0aadd5e90336e599d849e50eef0e06aa28bf"
  integrity sha1-sp4KrdXpAzblmdhJ5Q7vDgaqKL8=

"@use-gesture/react@10.2.20":
  version "10.2.20"
  resolved "http://r.npm.sankuai.com/@use-gesture/react/download/@use-gesture/react-10.2.20.tgz#2d556a62c22200507b9d478ce7159057004acb8d"
  integrity sha1-LVVqYsIiAFB7nUeM5xWQVwBKy40=
  dependencies:
    "@use-gesture/core" "10.2.20"

ahooks-v3-count@^1.0.0:
  version "1.0.0"
  resolved "http://r.npm.sankuai.com/ahooks-v3-count/download/ahooks-v3-count-1.0.0.tgz#ddeb392e009ad6e748905b3cbf63a9fd8262ca80"
  integrity sha1-3es5LgCa1udIkFs8v2Op/YJiyoA=

ahooks@^3.7.6:
  version "3.7.8"
  resolved "http://r.npm.sankuai.com/ahooks/download/ahooks-3.7.8.tgz#3fa3c491cd153e884a32b0c4192fc72cf84c4332"
  integrity sha1-P6PEkc0VPohKMrDEGS/HLPhMQzI=
  dependencies:
    "@babel/runtime" "^7.21.0"
    "@types/js-cookie" "^2.x.x"
    ahooks-v3-count "^1.0.0"
    dayjs "^1.9.1"
    intersection-observer "^0.12.0"
    js-cookie "^2.x.x"
    lodash "^4.17.21"
    resize-observer-polyfill "^1.5.1"
    screenfull "^5.0.0"
    tslib "^2.4.1"

antd-mobile-icons@^0.3.0:
  version "0.3.0"
  resolved "http://r.npm.sankuai.com/antd-mobile-icons/download/antd-mobile-icons-0.3.0.tgz#9b29e4588a62370909061f10ff0579aabb0b32a9"
  integrity sha1-mynkWIpiNwkJBh8Q/wV5qrsLMqk=

antd-mobile-v5-count@^1.0.1:
  version "1.0.1"
  resolved "http://r.npm.sankuai.com/antd-mobile-v5-count/download/antd-mobile-v5-count-1.0.1.tgz#85f20c46d1635c24e856bcf5ad55e8c98e44a523"
  integrity sha1-hfIMRtFjXCToVrz1rVXoyY5EpSM=

antd-mobile@^5.32.0:
  version "5.32.0"
  resolved "http://r.npm.sankuai.com/antd-mobile/download/antd-mobile-5.32.0.tgz#4afff3f6cd84f76795fd83658b1eb184e9cd63c1"
  integrity sha1-Sv/z9s2E92eV/YNlix6xhOnNY8E=
  dependencies:
    "@floating-ui/dom" "^1.4.2"
    "@rc-component/mini-decimal" "^1.1.0"
    "@react-spring/web" "~9.6.1"
    "@use-gesture/react" "10.2.20"
    ahooks "^3.7.6"
    antd-mobile-icons "^0.3.0"
    antd-mobile-v5-count "^1.0.1"
    classnames "^2.3.2"
    dayjs "^1.11.7"
    lodash "^4.17.21"
    rc-field-form "~1.27.4"
    rc-util "^5.30.0"
    react-is "^18.2.0"
    runes2 "^1.1.2"
    staged-components "^1.1.3"
    tslib "^2.5.0"
    use-sync-external-store "^1.2.0"

async-validator@^4.1.0:
  version "4.2.5"
  resolved "http://r.npm.sankuai.com/async-validator/download/async-validator-4.2.5.tgz#c96ea3332a521699d0afaaceed510a54656c6339"
  integrity sha1-yW6jMypSFpnQr6rO7VEKVGVsYzk=

classnames@^2.3.2:
  version "2.3.2"
  resolved "http://r.npm.sankuai.com/classnames/download/classnames-2.3.2.tgz#351d813bf0137fcc6a76a16b88208d2560a0d924"
  integrity sha1-NR2BO/ATf8xqdqFriCCNJWCg2SQ=

dayjs@^1.11.7, dayjs@^1.9.1:
  version "1.11.10"
  resolved "http://r.npm.sankuai.com/dayjs/download/dayjs-1.11.10.tgz#68acea85317a6e164457d6d6947564029a6a16a0"
  integrity sha1-aKzqhTF6bhZEV9bWlHVkAppqFqA=

esbuild@^0.18.10:
  version "0.18.20"
  resolved "http://r.npm.sankuai.com/esbuild/download/esbuild-0.18.20.tgz#4709f5a34801b43b799ab7d6d82f7284a9b7a7a6"
  integrity sha1-Rwn1o0gBtDt5mrfW2C9yhKm3p6Y=
  optionalDependencies:
    "@esbuild/android-arm" "0.18.20"
    "@esbuild/android-arm64" "0.18.20"
    "@esbuild/android-x64" "0.18.20"
    "@esbuild/darwin-arm64" "0.18.20"
    "@esbuild/darwin-x64" "0.18.20"
    "@esbuild/freebsd-arm64" "0.18.20"
    "@esbuild/freebsd-x64" "0.18.20"
    "@esbuild/linux-arm" "0.18.20"
    "@esbuild/linux-arm64" "0.18.20"
    "@esbuild/linux-ia32" "0.18.20"
    "@esbuild/linux-loong64" "0.18.20"
    "@esbuild/linux-mips64el" "0.18.20"
    "@esbuild/linux-ppc64" "0.18.20"
    "@esbuild/linux-riscv64" "0.18.20"
    "@esbuild/linux-s390x" "0.18.20"
    "@esbuild/linux-x64" "0.18.20"
    "@esbuild/netbsd-x64" "0.18.20"
    "@esbuild/openbsd-x64" "0.18.20"
    "@esbuild/sunos-x64" "0.18.20"
    "@esbuild/win32-arm64" "0.18.20"
    "@esbuild/win32-ia32" "0.18.20"
    "@esbuild/win32-x64" "0.18.20"

fsevents@~2.3.2:
  version "2.3.3"
  resolved "http://r.npm.sankuai.com/fsevents/download/fsevents-2.3.3.tgz#cac6407785d03675a2a5e1a5305c697b347d90d6"
  integrity sha1-ysZAd4XQNnWipeGlMFxpezR9kNY=

intersection-observer@^0.12.0:
  version "0.12.2"
  resolved "http://r.npm.sankuai.com/intersection-observer/download/intersection-observer-0.12.2.tgz#4a45349cc0cd91916682b1f44c28d7ec737dc375"
  integrity sha1-SkU0nMDNkZFmgrH0TCjX7HN9w3U=

js-cookie@^2.x.x:
  version "2.2.1"
  resolved "http://r.npm.sankuai.com/js-cookie/download/js-cookie-2.2.1.tgz#69e106dc5d5806894562902aa5baec3744e9b2b8"
  integrity sha1-aeEG3F1YBolFYpAqpbrsN0Tpsrg=

lodash@^4.17.21:
  version "4.17.21"
  resolved "http://r.npm.sankuai.com/lodash/download/lodash-4.17.21.tgz#679591c564c3bffaae8454cf0b3df370c3d6911c"
  integrity sha1-Z5WRxWTDv/quhFTPCz3zcMPWkRw=

nanoid@^3.3.6:
  version "3.3.6"
  resolved "http://r.npm.sankuai.com/nanoid/download/nanoid-3.3.6.tgz#443380c856d6e9f9824267d960b4236ad583ea4c"
  integrity sha1-RDOAyFbW6fmCQmfZYLQjatWD6kw=

picocolors@^1.0.0:
  version "1.0.0"
  resolved "http://r.npm.sankuai.com/picocolors/download/picocolors-1.0.0.tgz#cb5bdc74ff3f51892236eaf79d68bc44564ab81c"
  integrity sha1-y1vcdP8/UYkiNur3nWi8RFZKuBw=

postcss@^8.4.27:
  version "8.4.31"
  resolved "http://r.npm.sankuai.com/postcss/download/postcss-8.4.31.tgz#92b451050a9f914da6755af352bdc0192508656d"
  integrity sha1-krRRBQqfkU2mdVrzUr3AGSUIZW0=
  dependencies:
    nanoid "^3.3.6"
    picocolors "^1.0.0"
    source-map-js "^1.0.2"

rc-field-form@~1.27.4:
  version "1.27.4"
  resolved "http://r.npm.sankuai.com/rc-field-form/download/rc-field-form-1.27.4.tgz#53600714af5b28c226c70d34867a8c52ccd64d44"
  integrity sha1-U2AHFK9bKMImxw00hnqMUszWTUQ=
  dependencies:
    "@babel/runtime" "^7.18.0"
    async-validator "^4.1.0"
    rc-util "^5.8.0"

rc-util@^5.30.0, rc-util@^5.8.0:
  version "5.37.0"
  resolved "http://r.npm.sankuai.com/rc-util/download/rc-util-5.37.0.tgz#6df9a55cb469b41b6995530a45b5f3dd3219a4ea"
  integrity sha1-bfmlXLRptBtplVMKRbXz3TIZpOo=
  dependencies:
    "@babel/runtime" "^7.18.3"
    react-is "^16.12.0"

react-is@^16.12.0:
  version "16.13.1"
  resolved "http://r.npm.sankuai.com/react-is/download/react-is-16.13.1.tgz#789729a4dc36de2999dc156dd6c1d9c18cea56a4"
  integrity sha1-eJcppNw23imZ3BVt1sHZwYzqVqQ=

react-is@^18.2.0:
  version "18.2.0"
  resolved "http://r.npm.sankuai.com/react-is/download/react-is-18.2.0.tgz#199431eeaaa2e09f86427efbb4f1473edb47609b"
  integrity sha1-GZQx7qqi4J+GQn77tPFHPttHYJs=

regenerator-runtime@^0.14.0:
  version "0.14.0"
  resolved "http://r.npm.sankuai.com/regenerator-runtime/download/regenerator-runtime-0.14.0.tgz#5e19d68eb12d486f797e15a3c6a918f7cec5eb45"
  integrity sha1-XhnWjrEtSG95fhWjxqkY987F60U=

resize-observer-polyfill@^1.5.1:
  version "1.5.1"
  resolved "http://r.npm.sankuai.com/resize-observer-polyfill/download/resize-observer-polyfill-1.5.1.tgz#0e9020dd3d21024458d4ebd27e23e40269810464"
  integrity sha1-DpAg3T0hAkRY1OvSfiPkAmmBBGQ=

rollup@^3.27.1:
  version "3.29.4"
  resolved "http://r.npm.sankuai.com/rollup/download/rollup-3.29.4.tgz#4d70c0f9834146df8705bfb69a9a19c9e1109981"
  integrity sha1-TXDA+YNBRt+HBb+2mpoZyeEQmYE=
  optionalDependencies:
    fsevents "~2.3.2"

runes2@^1.1.2:
  version "1.1.2"
  resolved "http://r.npm.sankuai.com/runes2/download/runes2-1.1.2.tgz#408a4cdd31077ca62f52a9aa5bd22d6d16ae6a41"
  integrity sha1-QIpM3TEHfKYvUqmqW9ItbRauakE=

screenfull@^5.0.0:
  version "5.2.0"
  resolved "http://r.npm.sankuai.com/screenfull/download/screenfull-5.2.0.tgz#6533d524d30621fc1283b9692146f3f13a93d1ba"
  integrity sha1-ZTPVJNMGIfwSg7lpIUbz8TqT0bo=

source-map-js@^1.0.2:
  version "1.0.2"
  resolved "http://r.npm.sankuai.com/source-map-js/download/source-map-js-1.0.2.tgz#adbc361d9c62df380125e7f161f71c826f1e490c"
  integrity sha1-rbw2HZxi3zgBJefxYfccgm8eSQw=

staged-components@^1.1.3:
  version "1.1.3"
  resolved "http://r.npm.sankuai.com/staged-components/download/staged-components-1.1.3.tgz#bb5a396df2d9b48fbc31841a59f53437ed8b8ac6"
  integrity sha1-u1o5bfLZtI+8MYQaWfU0N+2LisY=

tslib@^2.4.1, tslib@^2.5.0:
  version "2.6.2"
  resolved "http://r.npm.sankuai.com/tslib/download/tslib-2.6.2.tgz#703ac29425e7b37cd6fd456e92404d46d1f3e4ae"
  integrity sha1-cDrClCXns3zW/UVukkBNRtHz5K4=

use-sync-external-store@^1.2.0:
  version "1.2.0"
  resolved "http://r.npm.sankuai.com/use-sync-external-store/download/use-sync-external-store-1.2.0.tgz#7dbefd6ef3fe4e767a0cf5d7287aacfb5846928a"
  integrity sha1-fb79bvP+TnZ6DPXXKHqs+1hGkoo=

vite@^4.4.11:
  version "4.4.11"
  resolved "http://r.npm.sankuai.com/vite/download/vite-4.4.11.tgz#babdb055b08c69cfc4c468072a2e6c9ca62102b0"
  integrity sha1-ur2wVbCMac/ExGgHKi5snKYhArA=
  dependencies:
    esbuild "^0.18.10"
    postcss "^8.4.27"
    rollup "^3.27.1"
  optionalDependencies:
    fsevents "~2.3.2"
